
Microsoft Visual Studio Solution File, Format Version 12.00
# Visual Studio Version 16
VisualStudioVersion = 16.0.34601.136
MinimumVisualStudioVersion = 10.0.40219.1
Project("{FAE04EC0-301F-11D3-BF4B-00C04F79EFBC}") = "groceryLogin", "groceryLogin.csproj", "{92CC36A2-7B43-416B-8DA2-7CE64654097C}"
EndProject
Global
	GlobalSection(SolutionConfigurationPlatforms) = preSolution
		Debug|Any CPU = Debug|Any CPU
		Release|Any CPU = Release|Any CPU
	EndGlobalSection
	GlobalSection(ProjectConfigurationPlatforms) = postSolution
		{92CC36A2-7B43-416B-8DA2-7CE64654097C}.Debug|Any CPU.ActiveCfg = Debug|Any CPU
		{92CC36A2-7B43-416B-8DA2-7CE64654097C}.Debug|Any CPU.Build.0 = Debug|Any CPU
		{92CC36A2-7B43-416B-8DA2-7CE64654097C}.Release|Any CPU.ActiveCfg = Release|Any CPU
		{92CC36A2-7B43-416B-8DA2-7CE64654097C}.Release|Any CPU.Build.0 = Release|Any CPU
	EndGlobalSection
	GlobalSection(SolutionProperties) = preSolution
		HideSolutionNode = FALSE
	EndGlobalSection
	GlobalSection(ExtensibilityGlobals) = postSolution
		SolutionGuid = {872D09A4-7F46-49E3-8DF1-6FC9B38F8C4B}
	EndGlobalSection
EndGlobal
